// !$*UTF8*$!
{
	archiveVersion = 1;
	classes = {
	};
	objectVersion = 51;
	objects = {

/* Begin PBXBuildFile section */
		0945259C263837E700D2995A /* AppDelegate.swift in Sources */ = {isa = PBXBuildFile; fileRef = 0945259B263837E700D2995A /* AppDelegate.swift */; };
		0945259E263837E700D2995A /* SceneDelegate.swift in Sources */ = {isa = PBXBuildFile; fileRef = 0945259D263837E700D2995A /* SceneDelegate.swift */; };
		094525A6263837E700D2995A /* iTunesPreviewer.xcdatamodeld in Sources */ = {isa = PBXBuildFile; fileRef = 094525A4263837E700D2995A /* iTunesPreviewer.xcdatamodeld */; };
		094525A8263837E800D2995A /* Assets.xcassets in Resources */ = {isa = PBXBuildFile; fileRef = 094525A7263837E800D2995A /* Assets.xcassets */; };
		094525AB263837E800D2995A /* LaunchScreen.storyboard in Resources */ = {isa = PBXBuildFile; fileRef = 094525A9263837E800D2995A /* LaunchScreen.storyboard */; };
		094525B6263837E800D2995A /* iTunesPreviewerTests.swift in Sources */ = {isa = PBXBuildFile; fileRef = 094525B5263837E800D2995A /* iTunesPreviewerTests.swift */; };
		094525C1263837E900D2995A /* iTunesPreviewerUITests.swift in Sources */ = {isa = PBXBuildFile; fileRef = 094525C0263837E900D2995A /* iTunesPreviewerUITests.swift */; };
		09452634263874AC00D2995A /* UIColor.swift in Sources */ = {isa = PBXBuildFile; fileRef = 09452633263874AC00D2995A /* UIColor.swift */; };
		0945263C2638758E00D2995A /* AppCoordinator.swift in Sources */ = {isa = PBXBuildFile; fileRef = 0945263B2638758E00D2995A /* AppCoordinator.swift */; };
		09452642263875BC00D2995A /* AppContainer.swift in Sources */ = {isa = PBXBuildFile; fileRef = 09452641263875BC00D2995A /* AppContainer.swift */; };
		0945264D2638762F00D2995A /* BaseMVVMViewController.swift in Sources */ = {isa = PBXBuildFile; fileRef = 0945264C2638762F00D2995A /* BaseMVVMViewController.swift */; };
		094526522638764800D2995A /* BaseViewModel.swift in Sources */ = {isa = PBXBuildFile; fileRef = 094526512638764800D2995A /* BaseViewModel.swift */; };
		0945265A2638768E00D2995A /* BaseCollectionViewCell.swift in Sources */ = {isa = PBXBuildFile; fileRef = 094526592638768E00D2995A /* BaseCollectionViewCell.swift */; };
		0945265F2638774600D2995A /* QueryService.swift in Sources */ = {isa = PBXBuildFile; fileRef = 0945265E2638774600D2995A /* QueryService.swift */; };
		094526692638778C00D2995A /* MusicsViewModel.swift in Sources */ = {isa = PBXBuildFile; fileRef = 094526682638778C00D2995A /* MusicsViewModel.swift */; };
		0945266E263877B900D2995A /* MusicsViewController.swift in Sources */ = {isa = PBXBuildFile; fileRef = 0945266D263877B900D2995A /* MusicsViewController.swift */; };
		094526762638784300D2995A /* MusicCell.swift in Sources */ = {isa = PBXBuildFile; fileRef = 094526752638784300D2995A /* MusicCell.swift */; };
		0945267B2638788100D2995A /* CGColor.swift in Sources */ = {isa = PBXBuildFile; fileRef = 0945267A2638788100D2995A /* CGColor.swift */; };
		09452680263878CB00D2995A /* UIScreen.swift in Sources */ = {isa = PBXBuildFile; fileRef = 0945267F263878CB00D2995A /* UIScreen.swift */; };
		09452685263878F500D2995A /* UIView.swift in Sources */ = {isa = PBXBuildFile; fileRef = 09452684263878F500D2995A /* UIView.swift */; };
		0945268A2638791600D2995A /* UIImageView.swift in Sources */ = {isa = PBXBuildFile; fileRef = 094526892638791600D2995A /* UIImageView.swift */; };
		0945268F2638793E00D2995A /* String.swift in Sources */ = {isa = PBXBuildFile; fileRef = 0945268E2638793E00D2995A /* String.swift */; };
		094526942638795400D2995A /* NSObject.swift in Sources */ = {isa = PBXBuildFile; fileRef = 094526932638795400D2995A /* NSObject.swift */; };
		094526AF26391AC300D2995A /* Musics.swift in Sources */ = {isa = PBXBuildFile; fileRef = 094526AE26391AC300D2995A /* Musics.swift */; };
		094526B726391CEF00D2995A /* PlayerViewController.swift in Sources */ = {isa = PBXBuildFile; fileRef = 094526B626391CEF00D2995A /* PlayerViewController.swift */; };
		094526CF2639400900D2995A /* UIStackView.swift in Sources */ = {isa = PBXBuildFile; fileRef = 094526CE2639400900D2995A /* UIStackView.swift */; };
		094526D7263944E800D2995A /* BaseButton.swift in Sources */ = {isa = PBXBuildFile; fileRef = 094526D6263944E800D2995A /* BaseButton.swift */; };
		094526F4263970D100D2995A /* MusicControlButton.swift in Sources */ = {isa = PBXBuildFile; fileRef = 094526F3263970D100D2995A /* MusicControlButton.swift */; };
		0945270B263978A700D2995A /* Music.swift in Sources */ = {isa = PBXBuildFile; fileRef = 0945270A263978A700D2995A /* Music.swift */; };
		1F8CDD5DF3269E24B839557C /* Pods_iTunesPreviewer_iTunesPreviewerUITests.framework in Frameworks */ = {isa = PBXBuildFile; fileRef = D5C283C20EB3C3B063ADA5A6 /* Pods_iTunesPreviewer_iTunesPreviewerUITests.framework */; };
		5ECBDEDD583F88E7950FFE7D /* Pods_iTunesPreviewerTests.framework in Frameworks */ = {isa = PBXBuildFile; fileRef = CDF21010FA611E692F1F3345 /* Pods_iTunesPreviewerTests.framework */; };
		FB52CF69E64FB00F97D880E3 /* Pods_iTunesPreviewer.framework in Frameworks */ = {isa = PBXBuildFile; fileRef = 74EDAF88647CFF548A7EE253 /* Pods_iTunesPreviewer.framework */; };
/* End PBXBuildFile section */

/* Begin PBXContainerItemProxy section */
		094525B2263837E800D2995A /* PBXContainerItemProxy */ = {
			isa = PBXContainerItemProxy;
			containerPortal = 09452590263837E700D2995A /* Project object */;
			proxyType = 1;
			remoteGlobalIDString = 09452597263837E700D2995A;
			remoteInfo = iTunesPreviewer;
		};
		094525BD263837E900D2995A /* PBXContainerItemProxy */ = {
			isa = PBXContainerItemProxy;
			containerPortal = 09452590263837E700D2995A /* Project object */;
			proxyType = 1;
			remoteGlobalIDString = 09452597263837E700D2995A;
			remoteInfo = iTunesPreviewer;
		};
/* End PBXContainerItemProxy section */

/* Begin PBXFileReference section */
		09452598263837E700D2995A /* iTunesPreviewer.app */ = {isa = PBXFileReference; explicitFileType = wrapper.application; includeInIndex = 0; path = iTunesPreviewer.app; sourceTree = BUILT_PRODUCTS_DIR; };
		0945259B263837E700D2995A /* AppDelegate.swift */ = {isa = PBXFileReference; lastKnownFileType = sourcecode.swift; path = AppDelegate.swift; sourceTree = "<group>"; };
		0945259D263837E700D2995A /* SceneDelegate.swift */ = {isa = PBXFileReference; lastKnownFileType = sourcecode.swift; path = SceneDelegate.swift; sourceTree = "<group>"; };
		094525A5263837E700D2995A /* iTunesPreviewer.xcdatamodel */ = {isa = PBXFileReference; lastKnownFileType = wrapper.xcdatamodel; path = iTunesPreviewer.xcdatamodel; sourceTree = "<group>"; };
		094525A7263837E800D2995A /* Assets.xcassets */ = {isa = PBXFileReference; lastKnownFileType = folder.assetcatalog; path = Assets.xcassets; sourceTree = "<group>"; };
		094525AA263837E800D2995A /* Base */ = {isa = PBXFileReference; lastKnownFileType = file.storyboard; name = Base; path = Base.lproj/LaunchScreen.storyboard; sourceTree = "<group>"; };
		094525AC263837E800D2995A /* Info.plist */ = {isa = PBXFileReference; lastKnownFileType = text.plist.xml; path = Info.plist; sourceTree = "<group>"; };
		094525B1263837E800D2995A /* iTunesPreviewerTests.xctest */ = {isa = PBXFileReference; explicitFileType = wrapper.cfbundle; includeInIndex = 0; path = iTunesPreviewerTests.xctest; sourceTree = BUILT_PRODUCTS_DIR; };
		094525B5263837E800D2995A /* iTunesPreviewerTests.swift */ = {isa = PBXFileReference; lastKnownFileType = sourcecode.swift; path = iTunesPreviewerTests.swift; sourceTree = "<group>"; };
		094525B7263837E800D2995A /* Info.plist */ = {isa = PBXFileReference; lastKnownFileType = text.plist.xml; path = Info.plist; sourceTree = "<group>"; };
		094525BC263837E900D2995A /* iTunesPreviewerUITests.xctest */ = {isa = PBXFileReference; explicitFileType = wrapper.cfbundle; includeInIndex = 0; path = iTunesPreviewerUITests.xctest; sourceTree = BUILT_PRODUCTS_DIR; };
		094525C0263837E900D2995A /* iTunesPreviewerUITests.swift */ = {isa = PBXFileReference; lastKnownFileType = sourcecode.swift; path = iTunesPreviewerUITests.swift; sourceTree = "<group>"; };
		094525C2263837E900D2995A /* Info.plist */ = {isa = PBXFileReference; lastKnownFileType = text.plist.xml; path = Info.plist; sourceTree = "<group>"; };
		09452633263874AC00D2995A /* UIColor.swift */ = {isa = PBXFileReference; lastKnownFileType = sourcecode.swift; path = UIColor.swift; sourceTree = "<group>"; };
		0945263B2638758E00D2995A /* AppCoordinator.swift */ = {isa = PBXFileReference; lastKnownFileType = sourcecode.swift; path = AppCoordinator.swift; sourceTree = "<group>"; };
		09452641263875BC00D2995A /* AppContainer.swift */ = {isa = PBXFileReference; lastKnownFileType = sourcecode.swift; path = AppContainer.swift; sourceTree = "<group>"; };
		0945264C2638762F00D2995A /* BaseMVVMViewController.swift */ = {isa = PBXFileReference; lastKnownFileType = sourcecode.swift; path = BaseMVVMViewController.swift; sourceTree = "<group>"; };
		094526512638764800D2995A /* BaseViewModel.swift */ = {isa = PBXFileReference; lastKnownFileType = sourcecode.swift; path = BaseViewModel.swift; sourceTree = "<group>"; };
		094526592638768E00D2995A /* BaseCollectionViewCell.swift */ = {isa = PBXFileReference; lastKnownFileType = sourcecode.swift; path = BaseCollectionViewCell.swift; sourceTree = "<group>"; };
		0945265E2638774600D2995A /* QueryService.swift */ = {isa = PBXFileReference; lastKnownFileType = sourcecode.swift; path = QueryService.swift; sourceTree = "<group>"; };
		094526682638778C00D2995A /* MusicsViewModel.swift */ = {isa = PBXFileReference; lastKnownFileType = sourcecode.swift; path = MusicsViewModel.swift; sourceTree = "<group>"; };
		0945266D263877B900D2995A /* MusicsViewController.swift */ = {isa = PBXFileReference; lastKnownFileType = sourcecode.swift; path = MusicsViewController.swift; sourceTree = "<group>"; };
		094526752638784300D2995A /* MusicCell.swift */ = {isa = PBXFileReference; lastKnownFileType = sourcecode.swift; path = MusicCell.swift; sourceTree = "<group>"; };
		0945267A2638788100D2995A /* CGColor.swift */ = {isa = PBXFileReference; lastKnownFileType = sourcecode.swift; path = CGColor.swift; sourceTree = "<group>"; };
		0945267F263878CB00D2995A /* UIScreen.swift */ = {isa = PBXFileReference; lastKnownFileType = sourcecode.swift; path = UIScreen.swift; sourceTree = "<group>"; };
		09452684263878F500D2995A /* UIView.swift */ = {isa = PBXFileReference; lastKnownFileType = sourcecode.swift; path = UIView.swift; sourceTree = "<group>"; };
		094526892638791600D2995A /* UIImageView.swift */ = {isa = PBXFileReference; lastKnownFileType = sourcecode.swift; path = UIImageView.swift; sourceTree = "<group>"; };
		0945268E2638793E00D2995A /* String.swift */ = {isa = PBXFileReference; lastKnownFileType = sourcecode.swift; path = String.swift; sourceTree = "<group>"; };
		094526932638795400D2995A /* NSObject.swift */ = {isa = PBXFileReference; lastKnownFileType = sourcecode.swift; path = NSObject.swift; sourceTree = "<group>"; };
		094526AE26391AC300D2995A /* Musics.swift */ = {isa = PBXFileReference; lastKnownFileType = sourcecode.swift; path = Musics.swift; sourceTree = "<group>"; };
		094526B626391CEF00D2995A /* PlayerViewController.swift */ = {isa = PBXFileReference; lastKnownFileType = sourcecode.swift; path = PlayerViewController.swift; sourceTree = "<group>"; };
		094526CE2639400900D2995A /* UIStackView.swift */ = {isa = PBXFileReference; lastKnownFileType = sourcecode.swift; path = UIStackView.swift; sourceTree = "<group>"; };
		094526D6263944E800D2995A /* BaseButton.swift */ = {isa = PBXFileReference; lastKnownFileType = sourcecode.swift; path = BaseButton.swift; sourceTree = "<group>"; };
		094526F3263970D100D2995A /* MusicControlButton.swift */ = {isa = PBXFileReference; lastKnownFileType = sourcecode.swift; path = MusicControlButton.swift; sourceTree = "<group>"; };
		0945270A263978A700D2995A /* Music.swift */ = {isa = PBXFileReference; lastKnownFileType = sourcecode.swift; path = Music.swift; sourceTree = "<group>"; };
		0E18B219958A1A37434D3FD0 /* Pods-iTunesPreviewer-iTunesPreviewerUITests.release.xcconfig */ = {isa = PBXFileReference; includeInIndex = 1; lastKnownFileType = text.xcconfig; name = "Pods-iTunesPreviewer-iTunesPreviewerUITests.release.xcconfig"; path = "Target Support Files/Pods-iTunesPreviewer-iTunesPreviewerUITests/Pods-iTunesPreviewer-iTunesPreviewerUITests.release.xcconfig"; sourceTree = "<group>"; };
		2C16A93C5BD294AAE1F7452F /* Pods-iTunesPreviewerTests.release.xcconfig */ = {isa = PBXFileReference; includeInIndex = 1; lastKnownFileType = text.xcconfig; name = "Pods-iTunesPreviewerTests.release.xcconfig"; path = "Target Support Files/Pods-iTunesPreviewerTests/Pods-iTunesPreviewerTests.release.xcconfig"; sourceTree = "<group>"; };
		74EDAF88647CFF548A7EE253 /* Pods_iTunesPreviewer.framework */ = {isa = PBXFileReference; explicitFileType = wrapper.framework; includeInIndex = 0; path = Pods_iTunesPreviewer.framework; sourceTree = BUILT_PRODUCTS_DIR; };
		9E618D1D85C1D47D44930667 /* Pods-iTunesPreviewer.release.xcconfig */ = {isa = PBXFileReference; includeInIndex = 1; lastKnownFileType = text.xcconfig; name = "Pods-iTunesPreviewer.release.xcconfig"; path = "Target Support Files/Pods-iTunesPreviewer/Pods-iTunesPreviewer.release.xcconfig"; sourceTree = "<group>"; };
		A7FE392BF360B7C337599D53 /* Pods-iTunesPreviewerTests.debug.xcconfig */ = {isa = PBXFileReference; includeInIndex = 1; lastKnownFileType = text.xcconfig; name = "Pods-iTunesPreviewerTests.debug.xcconfig"; path = "Target Support Files/Pods-iTunesPreviewerTests/Pods-iTunesPreviewerTests.debug.xcconfig"; sourceTree = "<group>"; };
		C511AF792BC90E8C593F81E2 /* Pods-iTunesPreviewer.debug.xcconfig */ = {isa = PBXFileReference; includeInIndex = 1; lastKnownFileType = text.xcconfig; name = "Pods-iTunesPreviewer.debug.xcconfig"; path = "Target Support Files/Pods-iTunesPreviewer/Pods-iTunesPreviewer.debug.xcconfig"; sourceTree = "<group>"; };
		CBDE70B306289919D0871FA2 /* Pods-iTunesPreviewer-iTunesPreviewerUITests.debug.xcconfig */ = {isa = PBXFileReference; includeInIndex = 1; lastKnownFileType = text.xcconfig; name = "Pods-iTunesPreviewer-iTunesPreviewerUITests.debug.xcconfig"; path = "Target Support Files/Pods-iTunesPreviewer-iTunesPreviewerUITests/Pods-iTunesPreviewer-iTunesPreviewerUITests.debug.xcconfig"; sourceTree = "<group>"; };
		CDF21010FA611E692F1F3345 /* Pods_iTunesPreviewerTests.framework */ = {isa = PBXFileReference; explicitFileType = wrapper.framework; includeInIndex = 0; path = Pods_iTunesPreviewerTests.framework; sourceTree = BUILT_PRODUCTS_DIR; };
		D5C283C20EB3C3B063ADA5A6 /* Pods_iTunesPreviewer_iTunesPreviewerUITests.framework */ = {isa = PBXFileReference; explicitFileType = wrapper.framework; includeInIndex = 0; path = Pods_iTunesPreviewer_iTunesPreviewerUITests.framework; sourceTree = BUILT_PRODUCTS_DIR; };
/* End PBXFileReference section */

/* Begin PBXFrameworksBuildPhase section */
		09452595263837E700D2995A /* Frameworks */ = {
			isa = PBXFrameworksBuildPhase;
			buildActionMask = 2147483647;
			files = (
				FB52CF69E64FB00F97D880E3 /* Pods_iTunesPreviewer.framework in Frameworks */,
			);
			runOnlyForDeploymentPostprocessing = 0;
		};
		094525AE263837E800D2995A /* Frameworks */ = {
			isa = PBXFrameworksBuildPhase;
			buildActionMask = 2147483647;
			files = (
				5ECBDEDD583F88E7950FFE7D /* Pods_iTunesPreviewerTests.framework in Frameworks */,
			);
			runOnlyForDeploymentPostprocessing = 0;
		};
		094525B9263837E900D2995A /* Frameworks */ = {
			isa = PBXFrameworksBuildPhase;
			buildActionMask = 2147483647;
			files = (
				1F8CDD5DF3269E24B839557C /* Pods_iTunesPreviewer_iTunesPreviewerUITests.framework in Frameworks */,
			);
			runOnlyForDeploymentPostprocessing = 0;
		};
/* End PBXFrameworksBuildPhase section */

/* Begin PBXGroup section */
		09325A1C2661270500D0AA42 /* Sources */ = {
			isa = PBXGroup;
			children = (
				094525F026386A1A00D2995A /* Application */,
				09452613263870C200D2995A /* Bases */,
				094525F726386B9000D2995A /* Networking */,
				094525E92638696200D2995A /* Models */,
				094525E82638695B00D2995A /* ViewModels */,
				094525E72638695500D2995A /* Views */,
				094525EA2638699C00D2995A /* Extensions */,
			);
			path = Sources;
			sourceTree = "<group>";
		};
		0945258F263837E700D2995A = {
			isa = PBXGroup;
			children = (
				0945259A263837E700D2995A /* iTunesPreviewer */,
				094525B4263837E800D2995A /* iTunesPreviewerTests */,
				094525BF263837E900D2995A /* iTunesPreviewerUITests */,
				09452599263837E700D2995A /* Products */,
				C6A9DCC52F360D88C8E474A0 /* Pods */,
				AE810B486550A0C33A7D4B87 /* Frameworks */,
			);
			sourceTree = "<group>";
		};
		09452599263837E700D2995A /* Products */ = {
			isa = PBXGroup;
			children = (
				09452598263837E700D2995A /* iTunesPreviewer.app */,
				094525B1263837E800D2995A /* iTunesPreviewerTests.xctest */,
				094525BC263837E900D2995A /* iTunesPreviewerUITests.xctest */,
			);
			name = Products;
			sourceTree = "<group>";
		};
		0945259A263837E700D2995A /* iTunesPreviewer */ = {
			isa = PBXGroup;
			children = (
				09325A1C2661270500D0AA42 /* Sources */,
				094525E02638687C00D2995A /* Resources */,
				094525DF263867CD00D2995A /* Supporting Files */,
			);
			path = iTunesPreviewer;
			sourceTree = "<group>";
		};
		094525B4263837E800D2995A /* iTunesPreviewerTests */ = {
			isa = PBXGroup;
			children = (
				094525B5263837E800D2995A /* iTunesPreviewerTests.swift */,
				094525B7263837E800D2995A /* Info.plist */,
			);
			path = iTunesPreviewerTests;
			sourceTree = "<group>";
		};
		094525BF263837E900D2995A /* iTunesPreviewerUITests */ = {
			isa = PBXGroup;
			children = (
				094525C0263837E900D2995A /* iTunesPreviewerUITests.swift */,
				094525C2263837E900D2995A /* Info.plist */,
			);
			path = iTunesPreviewerUITests;
			sourceTree = "<group>";
		};
		094525DF263867CD00D2995A /* Supporting Files */ = {
			isa = PBXGroup;
			children = (
				094525AC263837E800D2995A /* Info.plist */,
				094525A4263837E700D2995A /* iTunesPreviewer.xcdatamodeld */,
			);
			path = "Supporting Files";
			sourceTree = "<group>";
		};
		094525E02638687C00D2995A /* Resources */ = {
			isa = PBXGroup;
			children = (
				094525A9263837E800D2995A /* LaunchScreen.storyboard */,
				094525A7263837E800D2995A /* Assets.xcassets */,
			);
			path = Resources;
			sourceTree = "<group>";
		};
		094525E72638695500D2995A /* Views */ = {
			isa = PBXGroup;
			children = (
				0945266D263877B900D2995A /* MusicsViewController.swift */,
				094526752638784300D2995A /* MusicCell.swift */,
				094526B626391CEF00D2995A /* PlayerViewController.swift */,
				094526F3263970D100D2995A /* MusicControlButton.swift */,
			);
			path = Views;
			sourceTree = "<group>";
		};
		094525E82638695B00D2995A /* ViewModels */ = {
			isa = PBXGroup;
			children = (
				094526682638778C00D2995A /* MusicsViewModel.swift */,
			);
			path = ViewModels;
			sourceTree = "<group>";
		};
		094525E92638696200D2995A /* Models */ = {
			isa = PBXGroup;
			children = (
				094526AE26391AC300D2995A /* Musics.swift */,
				0945270A263978A700D2995A /* Music.swift */,
			);
			path = Models;
			sourceTree = "<group>";
		};
		094525EA2638699C00D2995A /* Extensions */ = {
			isa = PBXGroup;
			children = (
				09452633263874AC00D2995A /* UIColor.swift */,
				0945267A2638788100D2995A /* CGColor.swift */,
				0945267F263878CB00D2995A /* UIScreen.swift */,
				09452684263878F500D2995A /* UIView.swift */,
				094526CE2639400900D2995A /* UIStackView.swift */,
				094526892638791600D2995A /* UIImageView.swift */,
				0945268E2638793E00D2995A /* String.swift */,
				094526932638795400D2995A /* NSObject.swift */,
			);
			path = Extensions;
			sourceTree = "<group>";
		};
		094525F026386A1A00D2995A /* Application */ = {
			isa = PBXGroup;
			children = (
				0945259B263837E700D2995A /* AppDelegate.swift */,
				0945259D263837E700D2995A /* SceneDelegate.swift */,
				09452641263875BC00D2995A /* AppContainer.swift */,
				0945263B2638758E00D2995A /* AppCoordinator.swift */,
			);
			path = Application;
			sourceTree = "<group>";
		};
		094525F726386B9000D2995A /* Networking */ = {
			isa = PBXGroup;
			children = (
				094525F926386CA100D2995A /* Services */,
			);
			path = Networking;
			sourceTree = "<group>";
		};
		094525F926386CA100D2995A /* Services */ = {
			isa = PBXGroup;
			children = (
				0945265E2638774600D2995A /* QueryService.swift */,
			);
			path = Services;
			sourceTree = "<group>";
		};
		09452613263870C200D2995A /* Bases */ = {
			isa = PBXGroup;
			children = (
				0945264C2638762F00D2995A /* BaseMVVMViewController.swift */,
				094526512638764800D2995A /* BaseViewModel.swift */,
				094526592638768E00D2995A /* BaseCollectionViewCell.swift */,
				094526D6263944E800D2995A /* BaseButton.swift */,
			);
			path = Bases;
			sourceTree = "<group>";
		};
		AE810B486550A0C33A7D4B87 /* Frameworks */ = {
			isa = PBXGroup;
			children = (
				74EDAF88647CFF548A7EE253 /* Pods_iTunesPreviewer.framework */,
				D5C283C20EB3C3B063ADA5A6 /* Pods_iTunesPreviewer_iTunesPreviewerUITests.framework */,
				CDF21010FA611E692F1F3345 /* Pods_iTunesPreviewerTests.framework */,
			);
			name = Frameworks;
			sourceTree = "<group>";
		};
		C6A9DCC52F360D88C8E474A0 /* Pods */ = {
			isa = PBXGroup;
			children = (
				C511AF792BC90E8C593F81E2 /* Pods-iTunesPreviewer.debug.xcconfig */,
				9E618D1D85C1D47D44930667 /* Pods-iTunesPreviewer.release.xcconfig */,
				CBDE70B306289919D0871FA2 /* Pods-iTunesPreviewer-iTunesPreviewerUITests.debug.xcconfig */,
				0E18B219958A1A37434D3FD0 /* Pods-iTunesPreviewer-iTunesPreviewerUITests.release.xcconfig */,
				A7FE392BF360B7C337599D53 /* Pods-iTunesPreviewerTests.debug.xcconfig */,
				2C16A93C5BD294AAE1F7452F /* Pods-iTunesPreviewerTests.release.xcconfig */,
			);
			path = Pods;
			sourceTree = "<group>";
		};
/* End PBXGroup section */

/* Begin PBXNativeTarget section */
		09452597263837E700D2995A /* iTunesPreviewer */ = {
			isa = PBXNativeTarget;
			buildConfigurationList = 094525C5263837E900D2995A /* Build configuration list for PBXNativeTarget "iTunesPreviewer" */;
			buildPhases = (
				9F8B50E41E01C8306225F38F /* [CP] Check Pods Manifest.lock */,
				09452594263837E700D2995A /* Sources */,
				09452595263837E700D2995A /* Frameworks */,
				09452596263837E700D2995A /* Resources */,
				025DBCC8509B3F95E65D7D83 /* [CP] Embed Pods Frameworks */,
			);
			buildRules = (
			);
			dependencies = (
			);
			name = iTunesPreviewer;
			productName = iTunesPreviewer;
			productReference = 09452598263837E700D2995A /* iTunesPreviewer.app */;
			productType = "com.apple.product-type.application";
		};
		094525B0263837E800D2995A /* iTunesPreviewerTests */ = {
			isa = PBXNativeTarget;
			buildConfigurationList = 094525C8263837E900D2995A /* Build configuration list for PBXNativeTarget "iTunesPreviewerTests" */;
			buildPhases = (
				630F87AB048B429BAC7BBDBD /* [CP] Check Pods Manifest.lock */,
				094525AD263837E800D2995A /* Sources */,
				094525AE263837E800D2995A /* Frameworks */,
				094525AF263837E800D2995A /* Resources */,
			);
			buildRules = (
			);
			dependencies = (
				094525B3263837E800D2995A /* PBXTargetDependency */,
			);
			name = iTunesPreviewerTests;
			productName = iTunesPreviewerTests;
			productReference = 094525B1263837E800D2995A /* iTunesPreviewerTests.xctest */;
			productType = "com.apple.product-type.bundle.unit-test";
		};
		094525BB263837E900D2995A /* iTunesPreviewerUITests */ = {
			isa = PBXNativeTarget;
			buildConfigurationList = 094525CB263837E900D2995A /* Build configuration list for PBXNativeTarget "iTunesPreviewerUITests" */;
			buildPhases = (
				0079B0874ED4BEFB8825FE86 /* [CP] Check Pods Manifest.lock */,
				094525B8263837E900D2995A /* Sources */,
				094525B9263837E900D2995A /* Frameworks */,
				094525BA263837E900D2995A /* Resources */,
				C8E5C173D07EB72BA529FA3D /* [CP] Embed Pods Frameworks */,
			);
			buildRules = (
			);
			dependencies = (
				094525BE263837E900D2995A /* PBXTargetDependency */,
			);
			name = iTunesPreviewerUITests;
			productName = iTunesPreviewerUITests;
			productReference = 094525BC263837E900D2995A /* iTunesPreviewerUITests.xctest */;
			productType = "com.apple.product-type.bundle.ui-testing";
		};
/* End PBXNativeTarget section */

/* Begin PBXProject section */
		09452590263837E700D2995A /* Project object */ = {
			isa = PBXProject;
			attributes = {
				LastSwiftUpdateCheck = 1240;
				LastUpgradeCheck = 1240;
				TargetAttributes = {
					09452597263837E700D2995A = {
						CreatedOnToolsVersion = 12.4;
					};
					094525B0263837E800D2995A = {
						CreatedOnToolsVersion = 12.4;
						TestTargetID = 09452597263837E700D2995A;
					};
					094525BB263837E900D2995A = {
						CreatedOnToolsVersion = 12.4;
						TestTargetID = 09452597263837E700D2995A;
					};
				};
			};
			buildConfigurationList = 09452593263837E700D2995A /* Build configuration list for PBXProject "iTunesPreviewer" */;
			compatibilityVersion = "Xcode 9.3";
			developmentRegion = en;
			hasScannedForEncodings = 0;
			knownRegions = (
				en,
				Base,
			);
			mainGroup = 0945258F263837E700D2995A;
			productRefGroup = 09452599263837E700D2995A /* Products */;
			projectDirPath = "";
			projectRoot = "";
			targets = (
				09452597263837E700D2995A /* iTunesPreviewer */,
				094525B0263837E800D2995A /* iTunesPreviewerTests */,
				094525BB263837E900D2995A /* iTunesPreviewerUITests */,
			);
		};
/* End PBXProject section */

/* Begin PBXResourcesBuildPhase section */
		09452596263837E700D2995A /* Resources */ = {
			isa = PBXResourcesBuildPhase;
			buildActionMask = 2147483647;
			files = (
				094525AB263837E800D2995A /* LaunchScreen.storyboard in Resources */,
				094525A8263837E800D2995A /* Assets.xcassets in Resources */,
			);
			runOnlyForDeploymentPostprocessing = 0;
		};
		094525AF263837E800D2995A /* Resources */ = {
			isa = PBXResourcesBuildPhase;
			buildActionMask = 2147483647;
			files = (
			);
			runOnlyForDeploymentPostprocessing = 0;
		};
		094525BA263837E900D2995A /* Resources */ = {
			isa = PBXResourcesBuildPhase;
			buildActionMask = 2147483647;
			files = (
			);
			runOnlyForDeploymentPostprocessing = 0;
		};
/* End PBXResourcesBuildPhase section */

/* Begin PBXShellScriptBuildPhase section */
		0079B0874ED4BEFB8825FE86 /* [CP] Check Pods Manifest.lock */ = {
			isa = PBXShellScriptBuildPhase;
			buildActionMask = 2147483647;
			files = (
			);
			inputFileListPaths = (
			);
			inputPaths = (
				"${PODS_PODFILE_DIR_PATH}/Podfile.lock",
				"${PODS_ROOT}/Manifest.lock",
			);
			name = "[CP] Check Pods Manifest.lock";
			outputFileListPaths = (
			);
			outputPaths = (
				"$(DERIVED_FILE_DIR)/Pods-iTunesPreviewer-iTunesPreviewerUITests-checkManifestLockResult.txt",
			);
			runOnlyForDeploymentPostprocessing = 0;
			shellPath = /bin/sh;
			shellScript = "diff \"${PODS_PODFILE_DIR_PATH}/Podfile.lock\" \"${PODS_ROOT}/Manifest.lock\" > /dev/null\nif [ $? != 0 ] ; then\n    # print error to STDERR\n    echo \"error: The sandbox is not in sync with the Podfile.lock. Run 'pod install' or update your CocoaPods installation.\" >&2\n    exit 1\nfi\n# This output is used by Xcode 'outputs' to avoid re-running this script phase.\necho \"SUCCESS\" > \"${SCRIPT_OUTPUT_FILE_0}\"\n";
			showEnvVarsInLog = 0;
		};
		025DBCC8509B3F95E65D7D83 /* [CP] Embed Pods Frameworks */ = {
			isa = PBXShellScriptBuildPhase;
			buildActionMask = 2147483647;
			files = (
			);
			inputFileListPaths = (
				"${PODS_ROOT}/Target Support Files/Pods-iTunesPreviewer/Pods-iTunesPreviewer-frameworks-${CONFIGURATION}-input-files.xcfilelist",
			);
			name = "[CP] Embed Pods Frameworks";
			outputFileListPaths = (
				"${PODS_ROOT}/Target Support Files/Pods-iTunesPreviewer/Pods-iTunesPreviewer-frameworks-${CONFIGURATION}-output-files.xcfilelist",
			);
			runOnlyForDeploymentPostprocessing = 0;
			shellPath = /bin/sh;
			shellScript = "\"${PODS_ROOT}/Target Support Files/Pods-iTunesPreviewer/Pods-iTunesPreviewer-frameworks.sh\"\n";
			showEnvVarsInLog = 0;
		};
		630F87AB048B429BAC7BBDBD /* [CP] Check Pods Manifest.lock */ = {
			isa = PBXShellScriptBuildPhase;
			buildActionMask = 2147483647;
			files = (
			);
			inputFileListPaths = (
			);
			inputPaths = (
				"${PODS_PODFILE_DIR_PATH}/Podfile.lock",
				"${PODS_ROOT}/Manifest.lock",
			);
			name = "[CP] Check Pods Manifest.lock";
			outputFileListPaths = (
			);
			outputPaths = (
				"$(DERIVED_FILE_DIR)/Pods-iTunesPreviewerTests-checkManifestLockResult.txt",
			);
			runOnlyForDeploymentPostprocessing = 0;
			shellPath = /bin/sh;
			shellScript = "diff \"${PODS_PODFILE_DIR_PATH}/Podfile.lock\" \"${PODS_ROOT}/Manifest.lock\" > /dev/null\nif [ $? != 0 ] ; then\n    # print error to STDERR\n    echo \"error: The sandbox is not in sync with the Podfile.lock. Run 'pod install' or update your CocoaPods installation.\" >&2\n    exit 1\nfi\n# This output is used by Xcode 'outputs' to avoid re-running this script phase.\necho \"SUCCESS\" > \"${SCRIPT_OUTPUT_FILE_0}\"\n";
			showEnvVarsInLog = 0;
		};
		9F8B50E41E01C8306225F38F /* [CP] Check Pods Manifest.lock */ = {
			isa = PBXShellScriptBuildPhase;
			buildActionMask = 2147483647;
			files = (
			);
			inputFileListPaths = (
			);
			inputPaths = (
				"${PODS_PODFILE_DIR_PATH}/Podfile.lock",
				"${PODS_ROOT}/Manifest.lock",
			);
			name = "[CP] Check Pods Manifest.lock";
			outputFileListPaths = (
			);
			outputPaths = (
				"$(DERIVED_FILE_DIR)/Pods-iTunesPreviewer-checkManifestLockResult.txt",
			);
			runOnlyForDeploymentPostprocessing = 0;
			shellPath = /bin/sh;
			shellScript = "diff \"${PODS_PODFILE_DIR_PATH}/Podfile.lock\" \"${PODS_ROOT}/Manifest.lock\" > /dev/null\nif [ $? != 0 ] ; then\n    # print error to STDERR\n    echo \"error: The sandbox is not in sync with the Podfile.lock. Run 'pod install' or update your CocoaPods installation.\" >&2\n    exit 1\nfi\n# This output is used by Xcode 'outputs' to avoid re-running this script phase.\necho \"SUCCESS\" > \"${SCRIPT_OUTPUT_FILE_0}\"\n";
			showEnvVarsInLog = 0;
		};
		C8E5C173D07EB72BA529FA3D /* [CP] Embed Pods Frameworks */ = {
			isa = PBXShellScriptBuildPhase;
			buildActionMask = 2147483647;
			files = (
			);
			inputFileListPaths = (
				"${PODS_ROOT}/Target Support Files/Pods-iTunesPreviewer-iTunesPreviewerUITests/Pods-iTunesPreviewer-iTunesPreviewerUITests-frameworks-${CONFIGURATION}-input-files.xcfilelist",
			);
			name = "[CP] Embed Pods Frameworks";
			outputFileListPaths = (
				"${PODS_ROOT}/Target Support Files/Pods-iTunesPreviewer-iTunesPreviewerUITests/Pods-iTunesPreviewer-iTunesPreviewerUITests-frameworks-${CONFIGURATION}-output-files.xcfilelist",
			);
			runOnlyForDeploymentPostprocessing = 0;
			shellPath = /bin/sh;
			shellScript = "\"${PODS_ROOT}/Target Support Files/Pods-iTunesPreviewer-iTunesPreviewerUITests/Pods-iTunesPreviewer-iTunesPreviewerUITests-frameworks.sh\"\n";
			showEnvVarsInLog = 0;
		};
/* End PBXShellScriptBuildPhase section */

/* Begin PBXSourcesBuildPhase section */
		09452594263837E700D2995A /* Sources */ = {
			isa = PBXSourcesBuildPhase;
			buildActionMask = 2147483647;
			files = (
				0945268F2638793E00D2995A /* String.swift in Sources */,
				0945263C2638758E00D2995A /* AppCoordinator.swift in Sources */,
				09452634263874AC00D2995A /* UIColor.swift in Sources */,
				094526F4263970D100D2995A /* MusicControlButton.swift in Sources */,
				094525A6263837E700D2995A /* iTunesPreviewer.xcdatamodeld in Sources */,
				0945259C263837E700D2995A /* AppDelegate.swift in Sources */,
				094526692638778C00D2995A /* MusicsViewModel.swift in Sources */,
				0945265A2638768E00D2995A /* BaseCollectionViewCell.swift in Sources */,
				094526522638764800D2995A /* BaseViewModel.swift in Sources */,
				09452680263878CB00D2995A /* UIScreen.swift in Sources */,
				094526B726391CEF00D2995A /* PlayerViewController.swift in Sources */,
				094526D7263944E800D2995A /* BaseButton.swift in Sources */,
				094526762638784300D2995A /* MusicCell.swift in Sources */,
				094526AF26391AC300D2995A /* Musics.swift in Sources */,
				0945266E263877B900D2995A /* MusicsViewController.swift in Sources */,
				0945268A2638791600D2995A /* UIImageView.swift in Sources */,
				0945259E263837E700D2995A /* SceneDelegate.swift in Sources */,
				0945270B263978A700D2995A /* Music.swift in Sources */,
				0945265F2638774600D2995A /* QueryService.swift in Sources */,
				09452642263875BC00D2995A /* AppContainer.swift in Sources */,
				09452685263878F500D2995A /* UIView.swift in Sources */,
				094526CF2639400900D2995A /* UIStackView.swift in Sources */,
				0945267B2638788100D2995A /* CGColor.swift in Sources */,
				094526942638795400D2995A /* NSObject.swift in Sources */,
				0945264D2638762F00D2995A /* BaseMVVMViewController.swift in Sources */,
			);
			runOnlyForDeploymentPostprocessing = 0;
		};
		094525AD263837E800D2995A /* Sources */ = {
			isa = PBXSourcesBuildPhase;
			buildActionMask = 2147483647;
			files = (
				094525B6263837E800D2995A /* iTunesPreviewerTests.swift in Sources */,
			);
			runOnlyForDeploymentPostprocessing = 0;
		};
		094525B8263837E900D2995A /* Sources */ = {
			isa = PBXSourcesBuildPhase;
			buildActionMask = 2147483647;
			files = (
				094525C1263837E900D2995A /* iTunesPreviewerUITests.swift in Sources */,
			);
			runOnlyForDeploymentPostprocessing = 0;
		};
/* End PBXSourcesBuildPhase section */

/* Begin PBXTargetDependency section */
		094525B3263837E800D2995A /* PBXTargetDependency */ = {
			isa = PBXTargetDependency;
			target = 09452597263837E700D2995A /* iTunesPreviewer */;
			targetProxy = 094525B2263837E800D2995A /* PBXContainerItemProxy */;
		};
		094525BE263837E900D2995A /* PBXTargetDependency */ = {
			isa = PBXTargetDependency;
			target = 09452597263837E700D2995A /* iTunesPreviewer */;
			targetProxy = 094525BD263837E900D2995A /* PBXContainerItemProxy */;
		};
/* End PBXTargetDependency section */

/* Begin PBXVariantGroup section */
		094525A9263837E800D2995A /* LaunchScreen.storyboard */ = {
			isa = PBXVariantGroup;
			children = (
				094525AA263837E800D2995A /* Base */,
			);
			name = LaunchScreen.storyboard;
			sourceTree = "<group>";
		};
/* End PBXVariantGroup section */

/* Begin XCBuildConfiguration section */
		094525C3263837E900D2995A /* Debug */ = {
			isa = XCBuildConfiguration;
			buildSettings = {
				ALWAYS_SEARCH_USER_PATHS = NO;
				CLANG_ANALYZER_NONNULL = YES;
				CLANG_ANALYZER_NUMBER_OBJECT_CONVERSION = YES_AGGRESSIVE;
				CLANG_CXX_LANGUAGE_STANDARD = "gnu++14";
				CLANG_CXX_LIBRARY = "libc++";
				CLANG_ENABLE_MODULES = YES;
				CLANG_ENABLE_OBJC_ARC = YES;
				CLANG_ENABLE_OBJC_WEAK = YES;
				CLANG_WARN_BLOCK_CAPTURE_AUTORELEASING = YES;
				CLANG_WARN_BOOL_CONVERSION = YES;
				CLANG_WARN_COMMA = YES;
				CLANG_WARN_CONSTANT_CONVERSION = YES;
				CLANG_WARN_DEPRECATED_OBJC_IMPLEMENTATIONS = YES;
				CLANG_WARN_DIRECT_OBJC_ISA_USAGE = YES_ERROR;
				CLANG_WARN_DOCUMENTATION_COMMENTS = YES;
				CLANG_WARN_EMPTY_BODY = YES;
				CLANG_WARN_ENUM_CONVERSION = YES;
				CLANG_WARN_INFINITE_RECURSION = YES;
				CLANG_WARN_INT_CONVERSION = YES;
				CLANG_WARN_NON_LITERAL_NULL_CONVERSION = YES;
				CLANG_WARN_OBJC_IMPLICIT_RETAIN_SELF = YES;
				CLANG_WARN_OBJC_LITERAL_CONVERSION = YES;
				CLANG_WARN_OBJC_ROOT_CLASS = YES_ERROR;
				CLANG_WARN_QUOTED_INCLUDE_IN_FRAMEWORK_HEADER = YES;
				CLANG_WARN_RANGE_LOOP_ANALYSIS = YES;
				CLANG_WARN_STRICT_PROTOTYPES = YES;
				CLANG_WARN_SUSPICIOUS_MOVE = YES;
				CLANG_WARN_UNGUARDED_AVAILABILITY = YES_AGGRESSIVE;
				CLANG_WARN_UNREACHABLE_CODE = YES;
				CLANG_WARN__DUPLICATE_METHOD_MATCH = YES;
				COPY_PHASE_STRIP = NO;
				DEBUG_INFORMATION_FORMAT = dwarf;
				ENABLE_STRICT_OBJC_MSGSEND = YES;
				ENABLE_TESTABILITY = YES;
				GCC_C_LANGUAGE_STANDARD = gnu11;
				GCC_DYNAMIC_NO_PIC = NO;
				GCC_NO_COMMON_BLOCKS = YES;
				GCC_OPTIMIZATION_LEVEL = 0;
				GCC_PREPROCESSOR_DEFINITIONS = (
					"DEBUG=1",
					"$(inherited)",
				);
				GCC_WARN_64_TO_32_BIT_CONVERSION = YES;
				GCC_WARN_ABOUT_RETURN_TYPE = YES_ERROR;
				GCC_WARN_UNDECLARED_SELECTOR = YES;
				GCC_WARN_UNINITIALIZED_AUTOS = YES_AGGRESSIVE;
				GCC_WARN_UNUSED_FUNCTION = YES;
				GCC_WARN_UNUSED_VARIABLE = YES;
				IPHONEOS_DEPLOYMENT_TARGET = 14.4;
				MTL_ENABLE_DEBUG_INFO = INCLUDE_SOURCE;
				MTL_FAST_MATH = YES;
				ONLY_ACTIVE_ARCH = YES;
				SDKROOT = iphoneos;
				SWIFT_ACTIVE_COMPILATION_CONDITIONS = DEBUG;
				SWIFT_OPTIMIZATION_LEVEL = "-Onone";
			};
			name = Debug;
		};
		094525C4263837E900D2995A /* Release */ = {
			isa = XCBuildConfiguration;
			buildSettings = {
				ALWAYS_SEARCH_USER_PATHS = NO;
				CLANG_ANALYZER_NONNULL = YES;
				CLANG_ANALYZER_NUMBER_OBJECT_CONVERSION = YES_AGGRESSIVE;
				CLANG_CXX_LANGUAGE_STANDARD = "gnu++14";
				CLANG_CXX_LIBRARY = "libc++";
				CLANG_ENABLE_MODULES = YES;
				CLANG_ENABLE_OBJC_ARC = YES;
				CLANG_ENABLE_OBJC_WEAK = YES;
				CLANG_WARN_BLOCK_CAPTURE_AUTORELEASING = YES;
				CLANG_WARN_BOOL_CONVERSION = YES;
				CLANG_WARN_COMMA = YES;
				CLANG_WARN_CONSTANT_CONVERSION = YES;
				CLANG_WARN_DEPRECATED_OBJC_IMPLEMENTATIONS = YES;
				CLANG_WARN_DIRECT_OBJC_ISA_USAGE = YES_ERROR;
				CLANG_WARN_DOCUMENTATION_COMMENTS = YES;
				CLANG_WARN_EMPTY_BODY = YES;
				CLANG_WARN_ENUM_CONVERSION = YES;
				CLANG_WARN_INFINITE_RECURSION = YES;
				CLANG_WARN_INT_CONVERSION = YES;
				CLANG_WARN_NON_LITERAL_NULL_CONVERSION = YES;
				CLANG_WARN_OBJC_IMPLICIT_RETAIN_SELF = YES;
				CLANG_WARN_OBJC_LITERAL_CONVERSION = YES;
				CLANG_WARN_OBJC_ROOT_CLASS = YES_ERROR;
				CLANG_WARN_QUOTED_INCLUDE_IN_FRAMEWORK_HEADER = YES;
				CLANG_WARN_RANGE_LOOP_ANALYSIS = YES;
				CLANG_WARN_STRICT_PROTOTYPES = YES;
				CLANG_WARN_SUSPICIOUS_MOVE = YES;
				CLANG_WARN_UNGUARDED_AVAILABILITY = YES_AGGRESSIVE;
				CLANG_WARN_UNREACHABLE_CODE = YES;
				CLANG_WARN__DUPLICATE_METHOD_MATCH = YES;
				COPY_PHASE_STRIP = NO;
				DEBUG_INFORMATION_FORMAT = "dwarf-with-dsym";
				ENABLE_NS_ASSERTIONS = NO;
				ENABLE_STRICT_OBJC_MSGSEND = YES;
				GCC_C_LANGUAGE_STANDARD = gnu11;
				GCC_NO_COMMON_BLOCKS = YES;
				GCC_WARN_64_TO_32_BIT_CONVERSION = YES;
				GCC_WARN_ABOUT_RETURN_TYPE = YES_ERROR;
				GCC_WARN_UNDECLARED_SELECTOR = YES;
				GCC_WARN_UNINITIALIZED_AUTOS = YES_AGGRESSIVE;
				GCC_WARN_UNUSED_FUNCTION = YES;
				GCC_WARN_UNUSED_VARIABLE = YES;
				IPHONEOS_DEPLOYMENT_TARGET = 14.4;
				MTL_ENABLE_DEBUG_INFO = NO;
				MTL_FAST_MATH = YES;
				SDKROOT = iphoneos;
				SWIFT_COMPILATION_MODE = wholemodule;
				SWIFT_OPTIMIZATION_LEVEL = "-O";
				VALIDATE_PRODUCT = YES;
			};
			name = Release;
		};
		094525C6263837E900D2995A /* Debug */ = {
			isa = XCBuildConfiguration;
			baseConfigurationReference = C511AF792BC90E8C593F81E2 /* Pods-iTunesPreviewer.debug.xcconfig */;
			buildSettings = {
				ASSETCATALOG_COMPILER_APPICON_NAME = AppIcon;
				ASSETCATALOG_COMPILER_GLOBAL_ACCENT_COLOR_NAME = AccentColor;
				CODE_SIGN_STYLE = Automatic;
				DEVELOPMENT_TEAM = YAHW75YBYW;
				INFOPLIST_FILE = "iTunesPreviewer/Supporting Files/Info.plist";
				LD_RUNPATH_SEARCH_PATHS = (
					"$(inherited)",
					"@executable_path/Frameworks",
				);
				PRODUCT_BUNDLE_IDENTIFIER = com.zzimss.iTunesPreviewer;
				PRODUCT_NAME = "$(TARGET_NAME)";
				SWIFT_VERSION = 5.0;
				TARGETED_DEVICE_FAMILY = "1,2";
			};
			name = Debug;
		};
		094525C7263837E900D2995A /* Release */ = {
			isa = XCBuildConfiguration;
			baseConfigurationReference = 9E618D1D85C1D47D44930667 /* Pods-iTunesPreviewer.release.xcconfig */;
			buildSettings = {
				ASSETCATALOG_COMPILER_APPICON_NAME = AppIcon;
				ASSETCATALOG_COMPILER_GLOBAL_ACCENT_COLOR_NAME = AccentColor;
				CODE_SIGN_STYLE = Automatic;
				DEVELOPMENT_TEAM = YAHW75YBYW;
				INFOPLIST_FILE = "iTunesPreviewer/Supporting Files/Info.plist";
				LD_RUNPATH_SEARCH_PATHS = (
					"$(inherited)",
					"@executable_path/Frameworks",
				);
				PRODUCT_BUNDLE_IDENTIFIER = com.zzimss.iTunesPreviewer;
				PRODUCT_NAME = "$(TARGET_NAME)";
				SWIFT_VERSION = 5.0;
				TARGETED_DEVICE_FAMILY = "1,2";
			};
			name = Release;
		};
		094525C9263837E900D2995A /* Debug */ = {
			isa = XCBuildConfiguration;
			baseConfigurationReference = A7FE392BF360B7C337599D53 /* Pods-iTunesPreviewerTests.debug.xcconfig */;
			buildSettings = {
				ALWAYS_EMBED_SWIFT_STANDARD_LIBRARIES = YES;
				BUNDLE_LOADER = "$(TEST_HOST)";
				CODE_SIGN_STYLE = Automatic;
				DEVELOPMENT_TEAM = YAHW75YBYW;
				INFOPLIST_FILE = iTunesPreviewerTests/Info.plist;
				IPHONEOS_DEPLOYMENT_TARGET = 14.4;
				LD_RUNPATH_SEARCH_PATHS = (
					"$(inherited)",
					"@executable_path/Frameworks",
					"@loader_path/Frameworks",
				);
				PRODUCT_BUNDLE_IDENTIFIER = com.zzimss.iTunesPreviewerTests;
				PRODUCT_NAME = "$(TARGET_NAME)";
				SWIFT_VERSION = 5.0;
				TARGETED_DEVICE_FAMILY = "1,2";
				TEST_HOST = "$(BUILT_PRODUCTS_DIR)/iTunesPreviewer.app/iTunesPreviewer";
			};
			name = Debug;
		};
		094525CA263837E900D2995A /* Release */ = {
			isa = XCBuildConfiguration;
			baseConfigurationReference = 2C16A93C5BD294AAE1F7452F /* Pods-iTunesPreviewerTests.release.xcconfig */;
			buildSettings = {
				ALWAYS_EMBED_SWIFT_STANDARD_LIBRARIES = YES;
				BUNDLE_LOADER = "$(TEST_HOST)";
				CODE_SIGN_STYLE = Automatic;
				DEVELOPMENT_TEAM = YAHW75YBYW;
				INFOPLIST_FILE = iTunesPreviewerTests/Info.plist;
				IPHONEOS_DEPLOYMENT_TARGET = 14.4;
				LD_RUNPATH_SEARCH_PATHS = (
					"$(inherited)",
					"@executable_path/Frameworks",
					"@loader_path/Frameworks",
				);
				PRODUCT_BUNDLE_IDENTIFIER = com.zzimss.iTunesPreviewerTests;
				PRODUCT_NAME = "$(TARGET_NAME)";
				SWIFT_VERSION = 5.0;
				TARGETED_DEVICE_FAMILY = "1,2";
				TEST_HOST = "$(BUILT_PRODUCTS_DIR)/iTunesPreviewer.app/iTunesPreviewer";
			};
			name = Release;
		};
		094525CC263837E900D2995A /* Debug */ = {
			isa = XCBuildConfiguration;
			baseConfigurationReference = CBDE70B306289919D0871FA2 /* Pods-iTunesPreviewer-iTunesPreviewerUITests.debug.xcconfig */;
			buildSettings = {
				ALWAYS_EMBED_SWIFT_STANDARD_LIBRARIES = YES;
				CODE_SIGN_STYLE = Automatic;
				DEVELOPMENT_TEAM = YAHW75YBYW;
				INFOPLIST_FILE = iTunesPreviewerUITests/Info.plist;
				LD_RUNPATH_SEARCH_PATHS = (
					"$(inherited)",
					"@executable_path/Frameworks",
					"@loader_path/Frameworks",
				);
				PRODUCT_BUNDLE_IDENTIFIER = com.zzimss.iTunesPreviewerUITests;
				PRODUCT_NAME = "$(TARGET_NAME)";
				SWIFT_VERSION = 5.0;
				TARGETED_DEVICE_FAMILY = "1,2";
				TEST_TARGET_NAME = iTunesPreviewer;
			};
			name = Debug;
		};
		094525CD263837E900D2995A /* Release */ = {
			isa = XCBuildConfiguration;
			baseConfigurationReference = 0E18B219958A1A37434D3FD0 /* Pods-iTunesPreviewer-iTunesPreviewerUITests.release.xcconfig */;
			buildSettings = {
				ALWAYS_EMBED_SWIFT_STANDARD_LIBRARIES = YES;
				CODE_SIGN_STYLE = Automatic;
				DEVELOPMENT_TEAM = YAHW75YBYW;
				INFOPLIST_FILE = iTunesPreviewerUITests/Info.plist;
				LD_RUNPATH_SEARCH_PATHS = (
					"$(inherited)",
					"@executable_path/Frameworks",
					"@loader_path/Frameworks",
				);
				PRODUCT_BUNDLE_IDENTIFIER = com.zzimss.iTunesPreviewerUITests;
				PRODUCT_NAME = "$(TARGET_NAME)";
				SWIFT_VERSION = 5.0;
				TARGETED_DEVICE_FAMILY = "1,2";
				TEST_TARGET_NAME = iTunesPreviewer;
			};
			name = Release;
		};
/* End XCBuildConfiguration section */

/* Begin XCConfigurationList section */
		09452593263837E700D2995A /* Build configuration list for PBXProject "iTunesPreviewer" */ = {
			isa = XCConfigurationList;
			buildConfigurations = (
				094525C3263837E900D2995A /* Debug */,
				094525C4263837E900D2995A /* Release */,
			);
			defaultConfigurationIsVisible = 0;
			defaultConfigurationName = Release;
		};
		094525C5263837E900D2995A /* Build configuration list for PBXNativeTarget "iTunesPreviewer" */ = {
			isa = XCConfigurationList;
			buildConfigurations = (
				094525C6263837E900D2995A /* Debug */,
				094525C7263837E900D2995A /* Release */,
			);
			defaultConfigurationIsVisible = 0;
			defaultConfigurationName = Release;
		};
		094525C8263837E900D2995A /* Build configuration list for PBXNativeTarget "iTunesPreviewerTests" */ = {
			isa = XCConfigurationList;
			buildConfigurations = (
				094525C9263837E900D2995A /* Debug */,
				094525CA263837E900D2995A /* Release */,
			);
			defaultConfigurationIsVisible = 0;
			defaultConfigurationName = Release;
		};
		094525CB263837E900D2995A /* Build configuration list for PBXNativeTarget "iTunesPreviewerUITests" */ = {
			isa = XCConfigurationList;
			buildConfigurations = (
				094525CC263837E900D2995A /* Debug */,
				094525CD263837E900D2995A /* Release */,
			);
			defaultConfigurationIsVisible = 0;
			defaultConfigurationName = Release;
		};
/* End XCConfigurationList section */

/* Begin XCVersionGroup section */
		094525A4263837E700D2995A /* iTunesPreviewer.xcdatamodeld */ = {
			isa = XCVersionGroup;
			children = (
				094525A5263837E700D2995A /* iTunesPreviewer.xcdatamodel */,
			);
			currentVersion = 094525A5263837E700D2995A /* iTunesPreviewer.xcdatamodel */;
			path = iTunesPreviewer.xcdatamodeld;
			sourceTree = "<group>";
			versionGroupType = wrapper.xcdatamodel;
		};
/* End XCVersionGroup section */
	};
	rootObject = 09452590263837E700D2995A /* Project object */;
}
